
Microsoft Visual Studio Solution File, Format Version 12.00
# Visual Studio Version 17
VisualStudioVersion = 17.9.34714.143
MinimumVisualStudioVersion = 10.0.40219.1
Project("{FAE04EC0-301F-11D3-BF4B-00C04F79EFBC}") = "Calculator 2", "Calculator 2\Calculator 2.csproj", "{AEE0A38E-EB41-4A19-8123-804F58990A0F}"
EndProject
Global
	GlobalSection(SolutionConfigurationPlatforms) = preSolution
		Debug|Any CPU = Debug|Any CPU
		Release|Any CPU = Release|Any CPU
	EndGlobalSection
	GlobalSection(ProjectConfigurationPlatforms) = postSolution
		{AEE0A38E-EB41-4A19-8123-804F58990A0F}.Debug|Any CPU.ActiveCfg = Debug|Any CPU
		{AEE0A38E-EB41-4A19-8123-804F58990A0F}.Debug|Any CPU.Build.0 = Debug|Any CPU
		{AEE0A38E-EB41-4A19-8123-804F58990A0F}.Release|Any CPU.ActiveCfg = Release|Any CPU
		{AEE0A38E-EB41-4A19-8123-804F58990A0F}.Release|Any CPU.Build.0 = Release|Any CPU
	EndGlobalSection
	GlobalSection(SolutionProperties) = preSolution
		HideSolutionNode = FALSE
	EndGlobalSection
	GlobalSection(ExtensibilityGlobals) = postSolution
		SolutionGuid = {2D0B3EB7-5EE6-48B5-9F0C-F00BC24619AA}
	EndGlobalSection
EndGlobal
